
Microsoft Visual Studio Solution File, Format Version 12.00
# Visual Studio 15
VisualStudioVersion = 15.0.28307.705
MinimumVisualStudioVersion = 10.0.40219.1
Project("{FAE04EC0-301F-11D3-BF4B-00C04F79EFBC}") = "Liczby Pierwsze_438", "Liczby Pierwsze_438\Liczby Pierwsze_438.csproj", "{E6CA4C25-64FB-44AB-9983-039D9949FCBE}"
EndProject
Global
	GlobalSection(SolutionConfigurationPlatforms) = preSolution
		Debug|Any CPU = Debug|Any CPU
		Release|Any CPU = Release|Any CPU
	EndGlobalSection
	GlobalSection(ProjectConfigurationPlatforms) = postSolution
		{E6CA4C25-64FB-44AB-9983-039D9949FCBE}.Debug|Any CPU.ActiveCfg = Debug|Any CPU
		{E6CA4C25-64FB-44AB-9983-039D9949FCBE}.Debug|Any CPU.Build.0 = Debug|Any CPU
		{E6CA4C25-64FB-44AB-9983-039D9949FCBE}.Release|Any CPU.ActiveCfg = Release|Any CPU
		{E6CA4C25-64FB-44AB-9983-039D9949FCBE}.Release|Any CPU.Build.0 = Release|Any CPU
	EndGlobalSection
	GlobalSection(SolutionProperties) = preSolution
		HideSolutionNode = FALSE
	EndGlobalSection
	GlobalSection(ExtensibilityGlobals) = postSolution
		SolutionGuid = {4510452F-7346-454A-B643-3AEA56A2292D}
	EndGlobalSection
EndGlobal
