
Microsoft Visual Studio Solution File, Format Version 12.00
# Visual Studio 15
VisualStudioVersion = 15.0.28307.705
MinimumVisualStudioVersion = 10.0.40219.1
Project("{FAE04EC0-301F-11D3-BF4B-00C04F79EFBC}") = "Suma", "Suma\Suma.csproj", "{B5ACE905-6F4E-4902-8843-0CC1CA04322E}"
EndProject
Global
	GlobalSection(SolutionConfigurationPlatforms) = preSolution
		Debug|Any CPU = Debug|Any CPU
		Release|Any CPU = Release|Any CPU
	EndGlobalSection
	GlobalSection(ProjectConfigurationPlatforms) = postSolution
		{B5ACE905-6F4E-4902-8843-0CC1CA04322E}.Debug|Any CPU.ActiveCfg = Debug|Any CPU
		{B5ACE905-6F4E-4902-8843-0CC1CA04322E}.Debug|Any CPU.Build.0 = Debug|Any CPU
		{B5ACE905-6F4E-4902-8843-0CC1CA04322E}.Release|Any CPU.ActiveCfg = Release|Any CPU
		{B5ACE905-6F4E-4902-8843-0CC1CA04322E}.Release|Any CPU.Build.0 = Release|Any CPU
	EndGlobalSection
	GlobalSection(SolutionProperties) = preSolution
		HideSolutionNode = FALSE
	EndGlobalSection
	GlobalSection(ExtensibilityGlobals) = postSolution
		SolutionGuid = {8A1CDDD6-27A6-45A4-A236-D0B93F70A22C}
	EndGlobalSection
EndGlobal
