
Microsoft Visual Studio Solution File, Format Version 12.00
# Visual Studio 15
VisualStudioVersion = 15.0.28307.705
MinimumVisualStudioVersion = 10.0.40219.1
Project("{FAE04EC0-301F-11D3-BF4B-00C04F79EFBC}") = "499_Czy_umiesz_potęgować", "499_Czy_umiesz_potęgować\499_Czy_umiesz_potęgować.csproj", "{D62CC824-DCC4-4632-B5FF-305D8DB54A59}"
EndProject
Global
	GlobalSection(SolutionConfigurationPlatforms) = preSolution
		Debug|Any CPU = Debug|Any CPU
		Release|Any CPU = Release|Any CPU
	EndGlobalSection
	GlobalSection(ProjectConfigurationPlatforms) = postSolution
		{D62CC824-DCC4-4632-B5FF-305D8DB54A59}.Debug|Any CPU.ActiveCfg = Debug|Any CPU
		{D62CC824-DCC4-4632-B5FF-305D8DB54A59}.Debug|Any CPU.Build.0 = Debug|Any CPU
		{D62CC824-DCC4-4632-B5FF-305D8DB54A59}.Release|Any CPU.ActiveCfg = Release|Any CPU
		{D62CC824-DCC4-4632-B5FF-305D8DB54A59}.Release|Any CPU.Build.0 = Release|Any CPU
	EndGlobalSection
	GlobalSection(SolutionProperties) = preSolution
		HideSolutionNode = FALSE
	EndGlobalSection
	GlobalSection(ExtensibilityGlobals) = postSolution
		SolutionGuid = {6B91B508-9E8E-448A-B293-1BBEFB509334}
	EndGlobalSection
EndGlobal
