
Microsoft Visual Studio Solution File, Format Version 12.00
# Visual Studio 15
VisualStudioVersion = 15.0.28307.705
MinimumVisualStudioVersion = 10.0.40219.1
Project("{FAE04EC0-301F-11D3-BF4B-00C04F79EFBC}") = "969_Równanie_kwadratowe", "969_Równanie_kwadratowe\969_Równanie_kwadratowe.csproj", "{AAD252D5-102D-4D0C-B519-179479947240}"
EndProject
Global
	GlobalSection(SolutionConfigurationPlatforms) = preSolution
		Debug|Any CPU = Debug|Any CPU
		Release|Any CPU = Release|Any CPU
	EndGlobalSection
	GlobalSection(ProjectConfigurationPlatforms) = postSolution
		{AAD252D5-102D-4D0C-B519-179479947240}.Debug|Any CPU.ActiveCfg = Debug|Any CPU
		{AAD252D5-102D-4D0C-B519-179479947240}.Debug|Any CPU.Build.0 = Debug|Any CPU
		{AAD252D5-102D-4D0C-B519-179479947240}.Release|Any CPU.ActiveCfg = Release|Any CPU
		{AAD252D5-102D-4D0C-B519-179479947240}.Release|Any CPU.Build.0 = Release|Any CPU
	EndGlobalSection
	GlobalSection(SolutionProperties) = preSolution
		HideSolutionNode = FALSE
	EndGlobalSection
	GlobalSection(ExtensibilityGlobals) = postSolution
		SolutionGuid = {583097CC-305A-4893-AB41-896C703EA1B1}
	EndGlobalSection
EndGlobal
